
Microsoft Visual Studio Solution File, Format Version 12.00
# Visual Studio 15
Project("{FAE04EC0-301F-11D3-BF4B-00C04F79EFBC}") = "Core31MvcInd", "Core31MvcInd\Core31MvcInd.csproj", "{25541088-28A6-4108-A3C5-E88ED9E045ED}"
EndProject
Project("{FAE04EC0-301F-11D3-BF4B-00C04F79EFBC}") = "RazorClassLibrary1", "RazorClassLibrary1\RazorClassLibrary1.csproj", "{6EFF08F4-9CB2-4E79-8906-FB7F0D251450}"
EndProject
Global
	GlobalSection(SolutionConfigurationPlatforms) = preSolution
		Debug|Any CPU = Debug|Any CPU
		Release|Any CPU = Release|Any CPU
	EndGlobalSection
	GlobalSection(ProjectConfigurationPlatforms) = postSolution
		{25541088-28A6-4108-A3C5-E88ED9E045ED}.Debug|Any CPU.ActiveCfg = Debug|Any CPU
		{25541088-28A6-4108-A3C5-E88ED9E045ED}.Debug|Any CPU.Build.0 = Debug|Any CPU
		{25541088-28A6-4108-A3C5-E88ED9E045ED}.Release|Any CPU.ActiveCfg = Release|Any CPU
		{25541088-28A6-4108-A3C5-E88ED9E045ED}.Release|Any CPU.Build.0 = Release|Any CPU
		{6EFF08F4-9CB2-4E79-8906-FB7F0D251450}.Debug|Any CPU.ActiveCfg = Debug|Any CPU
		{6EFF08F4-9CB2-4E79-8906-FB7F0D251450}.Debug|Any CPU.Build.0 = Debug|Any CPU
		{6EFF08F4-9CB2-4E79-8906-FB7F0D251450}.Release|Any CPU.ActiveCfg = Release|Any CPU
		{6EFF08F4-9CB2-4E79-8906-FB7F0D251450}.Release|Any CPU.Build.0 = Release|Any CPU
	EndGlobalSection
EndGlobal
